{
  "originHash" : "e576930decf18448d0bd4b5724f8a2e1e9c66e5d87349493d9c97108165e5b61",
  "pins" : [
    {
      "identity" : "swift-secp256k1",
      "kind" : "remoteSourceControl",
      "location" : "https://github.com/21-DOT-DEV/swift-secp256k1.git",
      "state" : {
        "revision" : "4735a0ed8fd9d9f7e0a8b75aa760cf81a157452f",
        "version" : "0.22.0"
      }
    }
  ],
  "version" : 3
}
